Microsoft Visual Studio Solution File, Format Version 12.00
# Visual Studio Version 17
VisualStudioVersion = 17.9.0.0
MinimumVisualStudioVersion = 10.0.40219.1
Project("{FAE04EC0-301F-11D3-BF4B-00C04F79EFBC}") = "NetIndex.Core.Abstractions", "src\Core\NetIndex.Core.Abstractions\NetIndex.Core.Abstractions.csproj", "{11111111-1111-1111-1111-111111111101}"
EndProject
Project("{FAE04EC0-301F-11D3-BF4B-00C04F79EFBC}") = "NetIndex.Core", "src\Core\NetIndex.Core\NetIndex.Core.csproj", "{11111111-1111-1111-1111-111111111102}"
EndProject
Project("{FAE04EC0-301F-11D3-BF4B-00C04F79EFBC}") = "NetIndex.AspNetCore", "src\AspNetCore\NetIndex.AspNetCore\NetIndex.AspNetCore.csproj", "{11111111-1111-1111-1111-111111111103}"
EndProject
Project("{FAE04EC0-301F-11D3-BF4B-00C04F79EFBC}") = "NetIndex.Providers.Ollama", "src\Providers\NetIndex.Providers.Ollama\NetIndex.Providers.Ollama.csproj", "{11111111-1111-1111-1111-111111111201}"
EndProject
Project("{FAE04EC0-301F-11D3-BF4B-00C04F79EFBC}") = "NetIndex.Providers.OpenAI", "src\Providers\NetIndex.Providers.OpenAI\NetIndex.Providers.OpenAI.csproj", "{11111111-1111-1111-1111-111111111202}"
EndProject
Project("{FAE04EC0-301F-11D3-BF4B-00C04F79EFBC}") = "NetIndex.Providers.AzureOpenAI", "src\Providers\NetIndex.Providers.AzureOpenAI\NetIndex.Providers.AzureOpenAI.csproj", "{11111111-1111-1111-1111-111111111203}"
EndProject
Project("{FAE04EC0-301F-11D3-BF4B-00C04F79EFBC}") = "NetIndex.Storage.InMemory", "src\Storage\NetIndex.Storage.InMemory\NetIndex.Storage.InMemory.csproj", "{11111111-1111-1111-1111-111111111301}"
EndProject
Project("{FAE04EC0-301F-11D3-BF4B-00C04F79EFBC}") = "NetIndex.Storage.Sqlite", "src\Storage\NetIndex.Storage.Sqlite\NetIndex.Storage.Sqlite.csproj", "{11111111-1111-1111-1111-111111111302}"
EndProject
Project("{FAE04EC0-301F-11D3-BF4B-00C04F79EFBC}") = "NetIndex.Storage.Pgvector", "src\Storage\NetIndex.Storage.Pgvector\NetIndex.Storage.Pgvector.csproj", "{11111111-1111-1111-1111-111111111303}"
EndProject
Project("{FAE04EC0-301F-11D3-BF4B-00C04F79EFBC}") = "NetIndex.Ingestion.Pdf", "src\Ingestion\NetIndex.Ingestion.Pdf\NetIndex.Ingestion.Pdf.csproj", "{11111111-1111-1111-1111-111111111401}"
EndProject
Project("{FAE04EC0-301F-11D3-BF4B-00C04F79EFBC}") = "NetIndex.Ingestion.Docx", "src\Ingestion\NetIndex.Ingestion.Docx\NetIndex.Ingestion.Docx.csproj", "{11111111-1111-1111-1111-111111111402}"
EndProject
Project("{FAE04EC0-301F-11D3-BF4B-00C04F79EFBC}") = "NetIndex.Ingestion.Tesseract", "src\Ingestion\NetIndex.Ingestion.Tesseract\NetIndex.Ingestion.Tesseract.csproj", "{11111111-1111-1111-1111-111111111403}"
EndProject
Project("{FAE04EC0-301F-11D3-BF4B-00C04F79EFBC}") = "NetIndex.Testing.Common", "tests\NetIndex.Testing.Common\NetIndex.Testing.Common.csproj", "{22222222-2222-2222-2222-222222222201}"
EndProject
Project("{FAE04EC0-301F-11D3-BF4B-00C04F79EFBC}") = "NetIndex.Core.Abstractions.Tests", "tests\NetIndex.Core.Abstractions.Tests\NetIndex.Core.Abstractions.Tests.csproj", "{22222222-2222-2222-2222-222222222202}"
EndProject
Project("{FAE04EC0-301F-11D3-BF4B-00C04F79EFBC}") = "NetIndex.Core.Tests", "tests\NetIndex.Core.Tests\NetIndex.Core.Tests.csproj", "{22222222-2222-2222-2222-222222222203}"
EndProject
Project("{FAE04EC0-301F-11D3-BF4B-00C04F79EFBC}") = "NetIndex.AspNetCore.Tests", "tests\NetIndex.AspNetCore.Tests\NetIndex.AspNetCore.Tests.csproj", "{22222222-2222-2222-2222-222222222204}"
EndProject
Project("{FAE04EC0-301F-11D3-BF4B-00C04F79EFBC}") = "NetIndex.Providers.Ollama.Tests", "tests\NetIndex.Providers.Ollama.Tests\NetIndex.Providers.Ollama.Tests.csproj", "{22222222-2222-2222-2222-222222222205}"
EndProject
Project("{FAE04EC0-301F-11D3-BF4B-00C04F79EFBC}") = "NetIndex.Providers.OpenAI.Tests", "tests\NetIndex.Providers.OpenAI.Tests\NetIndex.Providers.OpenAI.Tests.csproj", "{22222222-2222-2222-2222-222222222206}"
EndProject
Project("{FAE04EC0-301F-11D3-BF4B-00C04F79EFBC}") = "NetIndex.Providers.AzureOpenAI.Tests", "tests\NetIndex.Providers.AzureOpenAI.Tests\NetIndex.Providers.AzureOpenAI.Tests.csproj", "{22222222-2222-2222-2222-222222222207}"
EndProject
Project("{FAE04EC0-301F-11D3-BF4B-00C04F79EFBC}") = "NetIndex.Storage.InMemory.Tests", "tests\NetIndex.Storage.InMemory.Tests\NetIndex.Storage.InMemory.Tests.csproj", "{22222222-2222-2222-2222-222222222208}"
EndProject
Project("{FAE04EC0-301F-11D3-BF4B-00C04F79EFBC}") = "NetIndex.Storage.Sqlite.Tests", "tests\NetIndex.Storage.Sqlite.Tests\NetIndex.Storage.Sqlite.Tests.csproj", "{22222222-2222-2222-2222-222222222209}"
EndProject
Project("{FAE04EC0-301F-11D3-BF4B-00C04F79EFBC}") = "NetIndex.Storage.Pgvector.Tests", "tests\NetIndex.Storage.Pgvector.Tests\NetIndex.Storage.Pgvector.Tests.csproj", "{22222222-2222-2222-2222-222222222210}"
EndProject
Project("{FAE04EC0-301F-11D3-BF4B-00C04F79EFBC}") = "NetIndex.Ingestion.Pdf.Tests", "tests\NetIndex.Ingestion.Pdf.Tests\NetIndex.Ingestion.Pdf.Tests.csproj", "{22222222-2222-2222-2222-222222222211}"
EndProject
Project("{FAE04EC0-301F-11D3-BF4B-00C04F79EFBC}") = "NetIndex.Ingestion.Docx.Tests", "tests\NetIndex.Ingestion.Docx.Tests\NetIndex.Ingestion.Docx.Tests.csproj", "{22222222-2222-2222-2222-222222222212}"
EndProject
Project("{FAE04EC0-301F-11D3-BF4B-00C04F79EFBC}") = "NetIndex.Ingestion.Tesseract.Tests", "tests\NetIndex.Ingestion.Tesseract.Tests\NetIndex.Ingestion.Tesseract.Tests.csproj", "{22222222-2222-2222-2222-222222222213}"
EndProject
Project("{FAE04EC0-301F-11D3-BF4B-00C04F79EFBC}") = "NetIndex.Benchmarks", "benchmarks\NetIndex.Benchmarks\NetIndex.Benchmarks.csproj", "{33333333-3333-3333-3333-333333333301}"
EndProject
Project("{2150E333-8FDC-42A3-9474-1A3956D46DE8}") = "src", "src", "{5EACFE3A-A356-4467-8C1C-0B49E87BB639}"
EndProject
Project("{2150E333-8FDC-42A3-9474-1A3956D46DE8}") = "Core", "Core", "{B234C483-821A-4A57-BAB2-6EF6FADDF6A8}"
EndProject
Project("{FAE04EC0-301F-11D3-BF4B-00C04F79EFBC}") = "NetIndex", "src\Core\NetIndex\NetIndex.csproj", "{D65EF9C1-D2A5-4C5C-9845-7518CB895B80}"
EndProject
Project("{2150E333-8FDC-42A3-9474-1A3956D46DE8}") = "tests", "tests", "{75EA80A9-6463-4FB8-9ADC-01F43C2902FD}"
EndProject
Project("{FAE04EC0-301F-11D3-BF4B-00C04F79EFBC}") = "NetIndex.Architecture.Tests", "tests\NetIndex.Architecture.Tests\NetIndex.Architecture.Tests.csproj", "{54EE723C-A464-4AA3-8E59-52E654D192A3}"
EndProject
Project("{2150E333-8FDC-42A3-9474-1A3956D46DE8}") = "Ingestion", "Ingestion", "{34C53729-59C7-4057-85AE-51D8FCBD7512}"
EndProject
Project("{FAE04EC0-301F-11D3-BF4B-00C04F79EFBC}") = "NetIndex.Ingestion", "src\Ingestion\NetIndex.Ingestion\NetIndex.Ingestion.csproj", "{270B4B4D-A390-40C9-8ABD-581691410BB9}"
EndProject
Project("{FAE04EC0-301F-11D3-BF4B-00C04F79EFBC}") = "NetIndex.Ingestion.Markdown", "src\Ingestion\NetIndex.Ingestion.Markdown\NetIndex.Ingestion.Markdown.csproj", "{270B4B4D-A390-40C9-8ABD-581691410BB0}"
EndProject
Project("{FAE04EC0-301F-11D3-BF4B-00C04F79EFBC}") = "NetIndex.Ingestion.Markdown.Tests", "tests\NetIndex.Ingestion.Markdown.Tests\NetIndex.Ingestion.Markdown.Tests.csproj", "{BBC79A4C-0877-4260-A57C-1863F016D723}"
EndProject
Project("{FAE04EC0-301F-11D3-BF4B-00C04F79EFBC}") = "NetIndex.Ingestion.Tests", "tests\NetIndex.Ingestion.Tests\NetIndex.Ingestion.Tests.csproj", "{BBC79A4C-0877-4260-A57C-1863F016D724}"
EndProject
Project("{FAE04EC0-301F-11D3-BF4B-00C04F79EFBC}") = "NetIndex.Integration.Tests", "tests\NetIndex.Integration.Tests\NetIndex.Integration.Tests.csproj", "{5E809D81-1EA0-47AD-B5BB-D857DF7F3591}"
EndProject
Project("{2150E333-8FDC-42A3-9474-1A3956D46DE8}") = "templates", "templates", "{A603ED14-1AFA-4BC7-8F21-2650422C4A2B}"
EndProject
Project("{FAE04EC0-301F-11D3-BF4B-00C04F79EFBC}") = "NetIndex.Template", "templates\NetIndex.Template\NetIndex.Template.csproj", "{B3D245DB-3A2E-40C1-8445-4903EC48A607}"
EndProject
Project("{FAE04EC0-301F-11D3-BF4B-00C04F79EFBC}") = "NetIndex.Template.Tests", "tests\NetIndex.Template.Tests\NetIndex.Template.Tests.csproj", "{116FF0C7-0901-4A0C-8DDE-9E9FB4AA7AC8}"
EndProject
Global
	GlobalSection(SolutionConfigurationPlatforms) = preSolution
		Debug|Any CPU = Debug|Any CPU
		Release|Any CPU = Release|Any CPU
	EndGlobalSection
	GlobalSection(ProjectConfigurationPlatforms) = postSolution
		{11111111-1111-1111-1111-111111111101}.Debug|Any CPU.ActiveCfg = Debug|Any CPU
		{11111111-1111-1111-1111-111111111101}.Debug|Any CPU.Build.0 = Debug|Any CPU
		{11111111-1111-1111-1111-111111111101}.Release|Any CPU.ActiveCfg = Release|Any CPU
		{11111111-1111-1111-1111-111111111101}.Release|Any CPU.Build.0 = Release|Any CPU
		{11111111-1111-1111-1111-111111111102}.Debug|Any CPU.ActiveCfg = Debug|Any CPU
		{11111111-1111-1111-1111-111111111102}.Debug|Any CPU.Build.0 = Debug|Any CPU
		{11111111-1111-1111-1111-111111111102}.Release|Any CPU.ActiveCfg = Release|Any CPU
		{11111111-1111-1111-1111-111111111102}.Release|Any CPU.Build.0 = Release|Any CPU
		{11111111-1111-1111-1111-111111111103}.Debug|Any CPU.ActiveCfg = Debug|Any CPU
		{11111111-1111-1111-1111-111111111103}.Debug|Any CPU.Build.0 = Debug|Any CPU
		{11111111-1111-1111-1111-111111111103}.Release|Any CPU.ActiveCfg = Release|Any CPU
		{11111111-1111-1111-1111-111111111103}.Release|Any CPU.Build.0 = Release|Any CPU
		{11111111-1111-1111-1111-111111111201}.Debug|Any CPU.ActiveCfg = Debug|Any CPU
		{11111111-1111-1111-1111-111111111201}.Debug|Any CPU.Build.0 = Debug|Any CPU
		{11111111-1111-1111-1111-111111111201}.Release|Any CPU.ActiveCfg = Release|Any CPU
		{11111111-1111-1111-1111-111111111201}.Release|Any CPU.Build.0 = Release|Any CPU
		{11111111-1111-1111-1111-111111111202}.Debug|Any CPU.ActiveCfg = Debug|Any CPU
		{11111111-1111-1111-1111-111111111202}.Debug|Any CPU.Build.0 = Debug|Any CPU
		{11111111-1111-1111-1111-111111111202}.Release|Any CPU.ActiveCfg = Release|Any CPU
		{11111111-1111-1111-1111-111111111202}.Release|Any CPU.Build.0 = Release|Any CPU
		{11111111-1111-1111-1111-111111111203}.Debug|Any CPU.ActiveCfg = Debug|Any CPU
		{11111111-1111-1111-1111-111111111203}.Debug|Any CPU.Build.0 = Debug|Any CPU
		{11111111-1111-1111-1111-111111111203}.Release|Any CPU.ActiveCfg = Release|Any CPU
		{11111111-1111-1111-1111-111111111203}.Release|Any CPU.Build.0 = Release|Any CPU
		{11111111-1111-1111-1111-111111111301}.Debug|Any CPU.ActiveCfg = Debug|Any CPU
		{11111111-1111-1111-1111-111111111301}.Debug|Any CPU.Build.0 = Debug|Any CPU
		{11111111-1111-1111-1111-111111111301}.Release|Any CPU.ActiveCfg = Release|Any CPU
		{11111111-1111-1111-1111-111111111301}.Release|Any CPU.Build.0 = Release|Any CPU
		{11111111-1111-1111-1111-111111111302}.Debug|Any CPU.ActiveCfg = Debug|Any CPU
		{11111111-1111-1111-1111-111111111302}.Debug|Any CPU.Build.0 = Debug|Any CPU
		{11111111-1111-1111-1111-111111111302}.Release|Any CPU.ActiveCfg = Release|Any CPU
		{11111111-1111-1111-1111-111111111302}.Release|Any CPU.Build.0 = Release|Any CPU
		{11111111-1111-1111-1111-111111111303}.Debug|Any CPU.ActiveCfg = Debug|Any CPU
		{11111111-1111-1111-1111-111111111303}.Debug|Any CPU.Build.0 = Debug|Any CPU
		{11111111-1111-1111-1111-111111111303}.Release|Any CPU.ActiveCfg = Release|Any CPU
		{11111111-1111-1111-1111-111111111303}.Release|Any CPU.Build.0 = Release|Any CPU
		{11111111-1111-1111-1111-111111111401}.Debug|Any CPU.ActiveCfg = Debug|Any CPU
		{11111111-1111-1111-1111-111111111401}.Debug|Any CPU.Build.0 = Debug|Any CPU
		{11111111-1111-1111-1111-111111111401}.Release|Any CPU.ActiveCfg = Release|Any CPU
		{11111111-1111-1111-1111-111111111401}.Release|Any CPU.Build.0 = Release|Any CPU
		{11111111-1111-1111-1111-111111111402}.Debug|Any CPU.ActiveCfg = Debug|Any CPU
		{11111111-1111-1111-1111-111111111402}.Debug|Any CPU.Build.0 = Debug|Any CPU
		{11111111-1111-1111-1111-111111111402}.Release|Any CPU.ActiveCfg = Release|Any CPU
		{11111111-1111-1111-1111-111111111402}.Release|Any CPU.Build.0 = Release|Any CPU
		{11111111-1111-1111-1111-111111111403}.Debug|Any CPU.ActiveCfg = Debug|Any CPU
		{11111111-1111-1111-1111-111111111403}.Debug|Any CPU.Build.0 = Debug|Any CPU
		{11111111-1111-1111-1111-111111111403}.Release|Any CPU.ActiveCfg = Release|Any CPU
		{11111111-1111-1111-1111-111111111403}.Release|Any CPU.Build.0 = Release|Any CPU
		{22222222-2222-2222-2222-222222222201}.Debug|Any CPU.ActiveCfg = Debug|Any CPU
		{22222222-2222-2222-2222-222222222201}.Debug|Any CPU.Build.0 = Debug|Any CPU
		{22222222-2222-2222-2222-222222222201}.Release|Any CPU.ActiveCfg = Release|Any CPU
		{22222222-2222-2222-2222-222222222201}.Release|Any CPU.Build.0 = Release|Any CPU
		{22222222-2222-2222-2222-222222222202}.Debug|Any CPU.ActiveCfg = Debug|Any CPU
		{22222222-2222-2222-2222-222222222202}.Debug|Any CPU.Build.0 = Debug|Any CPU
		{22222222-2222-2222-2222-222222222202}.Release|Any CPU.ActiveCfg = Release|Any CPU
		{22222222-2222-2222-2222-222222222202}.Release|Any CPU.Build.0 = Release|Any CPU
		{22222222-2222-2222-2222-222222222203}.Debug|Any CPU.ActiveCfg = Debug|Any CPU
		{22222222-2222-2222-2222-222222222203}.Debug|Any CPU.Build.0 = Debug|Any CPU
		{22222222-2222-2222-2222-222222222203}.Release|Any CPU.ActiveCfg = Release|Any CPU
		{22222222-2222-2222-2222-222222222203}.Release|Any CPU.Build.0 = Release|Any CPU
		{22222222-2222-2222-2222-222222222204}.Debug|Any CPU.ActiveCfg = Debug|Any CPU
		{22222222-2222-2222-2222-222222222204}.Debug|Any CPU.Build.0 = Debug|Any CPU
		{22222222-2222-2222-2222-222222222204}.Release|Any CPU.ActiveCfg = Release|Any CPU
		{22222222-2222-2222-2222-222222222204}.Release|Any CPU.Build.0 = Release|Any CPU
		{22222222-2222-2222-2222-222222222205}.Debug|Any CPU.ActiveCfg = Debug|Any CPU
		{22222222-2222-2222-2222-222222222205}.Debug|Any CPU.Build.0 = Debug|Any CPU
		{22222222-2222-2222-2222-222222222205}.Release|Any CPU.ActiveCfg = Release|Any CPU
		{22222222-2222-2222-2222-222222222205}.Release|Any CPU.Build.0 = Release|Any CPU
		{22222222-2222-2222-2222-222222222206}.Debug|Any CPU.ActiveCfg = Debug|Any CPU
		{22222222-2222-2222-2222-222222222206}.Debug|Any CPU.Build.0 = Debug|Any CPU
		{22222222-2222-2222-2222-222222222206}.Release|Any CPU.ActiveCfg = Release|Any CPU
		{22222222-2222-2222-2222-222222222206}.Release|Any CPU.Build.0 = Release|Any CPU
		{22222222-2222-2222-2222-222222222207}.Debug|Any CPU.ActiveCfg = Debug|Any CPU
		{22222222-2222-2222-2222-222222222207}.Debug|Any CPU.Build.0 = Debug|Any CPU
		{22222222-2222-2222-2222-222222222207}.Release|Any CPU.ActiveCfg = Release|Any CPU
		{22222222-2222-2222-2222-222222222207}.Release|Any CPU.Build.0 = Release|Any CPU
		{22222222-2222-2222-2222-222222222208}.Debug|Any CPU.ActiveCfg = Debug|Any CPU
		{22222222-2222-2222-2222-222222222208}.Debug|Any CPU.Build.0 = Debug|Any CPU
		{22222222-2222-2222-2222-222222222208}.Release|Any CPU.ActiveCfg = Release|Any CPU
		{22222222-2222-2222-2222-222222222208}.Release|Any CPU.Build.0 = Release|Any CPU
		{22222222-2222-2222-2222-222222222209}.Debug|Any CPU.ActiveCfg = Debug|Any CPU
		{22222222-2222-2222-2222-222222222209}.Debug|Any CPU.Build.0 = Debug|Any CPU
		{22222222-2222-2222-2222-222222222209}.Release|Any CPU.ActiveCfg = Release|Any CPU
		{22222222-2222-2222-2222-222222222209}.Release|Any CPU.Build.0 = Release|Any CPU
		{22222222-2222-2222-2222-222222222210}.Debug|Any CPU.ActiveCfg = Debug|Any CPU
		{22222222-2222-2222-2222-222222222210}.Debug|Any CPU.Build.0 = Debug|Any CPU
		{22222222-2222-2222-2222-222222222210}.Release|Any CPU.ActiveCfg = Release|Any CPU
		{22222222-2222-2222-2222-222222222210}.Release|Any CPU.Build.0 = Release|Any CPU
		{22222222-2222-2222-2222-222222222211}.Debug|Any CPU.ActiveCfg = Debug|Any CPU
		{22222222-2222-2222-2222-222222222211}.Debug|Any CPU.Build.0 = Debug|Any CPU
		{22222222-2222-2222-2222-222222222211}.Release|Any CPU.ActiveCfg = Release|Any CPU
		{22222222-2222-2222-2222-222222222211}.Release|Any CPU.Build.0 = Release|Any CPU
		{22222222-2222-2222-2222-222222222212}.Debug|Any CPU.ActiveCfg = Debug|Any CPU
		{22222222-2222-2222-2222-222222222212}.Debug|Any CPU.Build.0 = Debug|Any CPU
		{22222222-2222-2222-2222-222222222212}.Release|Any CPU.ActiveCfg = Release|Any CPU
		{22222222-2222-2222-2222-222222222212}.Release|Any CPU.Build.0 = Release|Any CPU
		{22222222-2222-2222-2222-222222222213}.Debug|Any CPU.ActiveCfg = Debug|Any CPU
		{22222222-2222-2222-2222-222222222213}.Debug|Any CPU.Build.0 = Debug|Any CPU
		{22222222-2222-2222-2222-222222222213}.Release|Any CPU.ActiveCfg = Release|Any CPU
		{22222222-2222-2222-2222-222222222213}.Release|Any CPU.Build.0 = Release|Any CPU
		{33333333-3333-3333-3333-333333333301}.Debug|Any CPU.ActiveCfg = Debug|Any CPU
		{33333333-3333-3333-3333-333333333301}.Debug|Any CPU.Build.0 = Debug|Any CPU
		{33333333-3333-3333-3333-333333333301}.Release|Any CPU.ActiveCfg = Release|Any CPU
		{33333333-3333-3333-3333-333333333301}.Release|Any CPU.Build.0 = Release|Any CPU
		{D65EF9C1-D2A5-4C5C-9845-7518CB895B80}.Debug|Any CPU.ActiveCfg = Debug|Any CPU
		{D65EF9C1-D2A5-4C5C-9845-7518CB895B80}.Debug|Any CPU.Build.0 = Debug|Any CPU
		{D65EF9C1-D2A5-4C5C-9845-7518CB895B80}.Release|Any CPU.ActiveCfg = Release|Any CPU
		{D65EF9C1-D2A5-4C5C-9845-7518CB895B80}.Release|Any CPU.Build.0 = Release|Any CPU
		{54EE723C-A464-4AA3-8E59-52E654D192A3}.Debug|Any CPU.ActiveCfg = Debug|Any CPU
		{54EE723C-A464-4AA3-8E59-52E654D192A3}.Debug|Any CPU.Build.0 = Debug|Any CPU
		{54EE723C-A464-4AA3-8E59-52E654D192A3}.Release|Any CPU.ActiveCfg = Release|Any CPU
		{54EE723C-A464-4AA3-8E59-52E654D192A3}.Release|Any CPU.Build.0 = Release|Any CPU
		{270B4B4D-A390-40C9-8ABD-581691410BB9}.Debug|Any CPU.ActiveCfg = Debug|Any CPU
		{270B4B4D-A390-40C9-8ABD-581691410BB9}.Debug|Any CPU.Build.0 = Debug|Any CPU
		{270B4B4D-A390-40C9-8ABD-581691410BB9}.Release|Any CPU.ActiveCfg = Release|Any CPU
		{270B4B4D-A390-40C9-8ABD-581691410BB9}.Release|Any CPU.Build.0 = Release|Any CPU
		{BBC79A4C-0877-4260-A57C-1863F016D723}.Debug|Any CPU.ActiveCfg = Debug|Any CPU
		{BBC79A4C-0877-4260-A57C-1863F016D723}.Debug|Any CPU.Build.0 = Debug|Any CPU
		{BBC79A4C-0877-4260-A57C-1863F016D723}.Release|Any CPU.ActiveCfg = Release|Any CPU
		{BBC79A4C-0877-4260-A57C-1863F016D723}.Release|Any CPU.Build.0 = Release|Any CPU
		{BBC79A4C-0877-4260-A57C-1863F016D724}.Debug|Any CPU.ActiveCfg = Debug|Any CPU
		{BBC79A4C-0877-4260-A57C-1863F016D724}.Debug|Any CPU.Build.0 = Debug|Any CPU
		{BBC79A4C-0877-4260-A57C-1863F016D724}.Release|Any CPU.ActiveCfg = Release|Any CPU
		{BBC79A4C-0877-4260-A57C-1863F016D724}.Release|Any CPU.Build.0 = Release|Any CPU
		{5E809D81-1EA0-47AD-B5BB-D857DF7F3591}.Debug|Any CPU.ActiveCfg = Debug|Any CPU
		{5E809D81-1EA0-47AD-B5BB-D857DF7F3591}.Debug|Any CPU.Build.0 = Debug|Any CPU
		{5E809D81-1EA0-47AD-B5BB-D857DF7F3591}.Release|Any CPU.ActiveCfg = Release|Any CPU
		{5E809D81-1EA0-47AD-B5BB-D857DF7F3591}.Release|Any CPU.Build.0 = Release|Any CPU
		{B3D245DB-3A2E-40C1-8445-4903EC48A607}.Debug|Any CPU.ActiveCfg = Debug|Any CPU
		{B3D245DB-3A2E-40C1-8445-4903EC48A607}.Debug|Any CPU.Build.0 = Debug|Any CPU
		{B3D245DB-3A2E-40C1-8445-4903EC48A607}.Release|Any CPU.ActiveCfg = Release|Any CPU
		{B3D245DB-3A2E-40C1-8445-4903EC48A607}.Release|Any CPU.Build.0 = Release|Any CPU
		{116FF0C7-0901-4A0C-8DDE-9E9FB4AA7AC8}.Debug|Any CPU.ActiveCfg = Debug|Any CPU
		{116FF0C7-0901-4A0C-8DDE-9E9FB4AA7AC8}.Debug|Any CPU.Build.0 = Debug|Any CPU
		{116FF0C7-0901-4A0C-8DDE-9E9FB4AA7AC8}.Release|Any CPU.ActiveCfg = Release|Any CPU
		{116FF0C7-0901-4A0C-8DDE-9E9FB4AA7AC8}.Release|Any CPU.Build.0 = Release|Any CPU
	EndGlobalSection
	GlobalSection(NestedProjects) = preSolution
		{B234C483-821A-4A57-BAB2-6EF6FADDF6A8} = {5EACFE3A-A356-4467-8C1C-0B49E87BB639}
		{D65EF9C1-D2A5-4C5C-9845-7518CB895B80} = {B234C483-821A-4A57-BAB2-6EF6FADDF6A8}
		{54EE723C-A464-4AA3-8E59-52E654D192A3} = {75EA80A9-6463-4FB8-9ADC-01F43C2902FD}
		{34C53729-59C7-4057-85AE-51D8FCBD7512} = {5EACFE3A-A356-4467-8C1C-0B49E87BB639}
		{270B4B4D-A390-40C9-8ABD-581691410BB9} = {34C53729-59C7-4057-85AE-51D8FCBD7512}
		{270B4B4D-A390-40C9-8ABD-581691410BB0} = {34C53729-59C7-4057-85AE-51D8FCBD7512}
		{BBC79A4C-0877-4260-A57C-1863F016D723} = {75EA80A9-6463-4FB8-9ADC-01F43C2902FD}
		{BBC79A4C-0877-4260-A57C-1863F016D724} = {75EA80A9-6463-4FB8-9ADC-01F43C2902FD}
		{5E809D81-1EA0-47AD-B5BB-D857DF7F3591} = {75EA80A9-6463-4FB8-9ADC-01F43C2902FD}
		{B3D245DB-3A2E-40C1-8445-4903EC48A607} = {A603ED14-1AFA-4BC7-8F21-2650422C4A2B}
		{116FF0C7-0901-4A0C-8DDE-9E9FB4AA7AC8} = {75EA80A9-6463-4FB8-9ADC-01F43C2902FD}
	EndGlobalSection
EndGlobal
